Microsoft Visual Studio Solution File, Format Version 12.00
# Visual Studio Version 17
VisualStudioVersion = 17.5.2.0
MinimumVisualStudioVersion = 10.0.40219.1
Project("{FAE04EC0-301F-11D3-BF4B-00C04F79EFBC}") = "Compendium", "Compendium.csproj", "{CD348557-CDE5-2FCC-793F-9824B16AA92D}"
EndProject
Global
	GlobalSection(SolutionConfigurationPlatforms) = preSolution
		Debug|Any CPU = Debug|Any CPU
		Release|Any CPU = Release|Any CPU
	EndGlobalSection
	GlobalSection(ProjectConfigurationPlatforms) = postSolution
		{CD348557-CDE5-2FCC-793F-9824B16AA92D}.Debug|Any CPU.ActiveCfg = Debug|Any CPU
		{CD348557-CDE5-2FCC-793F-9824B16AA92D}.Debug|Any CPU.Build.0 = Debug|Any CPU
		{CD348557-CDE5-2FCC-793F-9824B16AA92D}.Release|Any CPU.ActiveCfg = Release|Any CPU
		{CD348557-CDE5-2FCC-793F-9824B16AA92D}.Release|Any CPU.Build.0 = Release|Any CPU
	EndGlobalSection
	GlobalSection(SolutionProperties) = preSolution
		HideSolutionNode = FALSE
	EndGlobalSection
	GlobalSection(ExtensibilityGlobals) = postSolution
		SolutionGuid = {525BE5C2-6490-4638-95F5-9AC0DE8E7982}
	EndGlobalSection
EndGlobal
